
Microsoft Visual Studio Solution File, Format Version 12.00
# Visual Studio Version 17
VisualStudioVersion = 17.8.34316.72
MinimumVisualStudioVersion = 10.0.40219.1
Project("{FAE04EC0-301F-11D3-BF4B-00C04F79EFBC}") = "Orders.Backend", "Orders.Backend\Orders.Backend.csproj", "{8D117884-41FD-417C-A58A-4B86E14E0DAE}"
EndProject
Global
	GlobalSection(SolutionConfigurationPlatforms) = preSolution
		Debug|Any CPU = Debug|Any CPU
		Release|Any CPU = Release|Any CPU
	EndGlobalSection
	GlobalSection(ProjectConfigurationPlatforms) = postSolution
		{8D117884-41FD-417C-A58A-4B86E14E0DAE}.Debug|Any CPU.ActiveCfg = Debug|Any CPU
		{8D117884-41FD-417C-A58A-4B86E14E0DAE}.Debug|Any CPU.Build.0 = Debug|Any CPU
		{8D117884-41FD-417C-A58A-4B86E14E0DAE}.Release|Any CPU.ActiveCfg = Release|Any CPU
		{8D117884-41FD-417C-A58A-4B86E14E0DAE}.Release|Any CPU.Build.0 = Release|Any CPU
	EndGlobalSection
	GlobalSection(SolutionProperties) = preSolution
		HideSolutionNode = FALSE
	EndGlobalSection
	GlobalSection(ExtensibilityGlobals) = postSolution
		SolutionGuid = {ED9AD7B8-3E09-47BB-8CD5-C227B8F2344F}
	EndGlobalSection
EndGlobal
